
Microsoft Visual Studio Solution File, Format Version 12.00
# Visual Studio 14
VisualStudioVersion = 14.0.25123.0
MinimumVisualStudioVersion = 10.0.40219.1
Project("{FAE04EC0-301F-11D3-BF4B-00C04F79EFBC}") = "Adventure", "Adventure\Adventure.csproj", "{174AB943-9CD0-4383-B576-AE3F6FFD84D9}"
EndProject
Project("{FAE04EC0-301F-11D3-BF4B-00C04F79EFBC}") = "Engine", "Engine\Engine.csproj", "{17C6237B-6066-4450-8BFD-79324544FD44}"
EndProject
Global
	GlobalSection(SolutionConfigurationPlatforms) = preSolution
		Debug|Any CPU = Debug|Any CPU
		Release|Any CPU = Release|Any CPU
	EndGlobalSection
	GlobalSection(ProjectConfigurationPlatforms) = postSolution
		{174AB943-9CD0-4383-B576-AE3F6FFD84D9}.Debug|Any CPU.ActiveCfg = Debug|Any CPU
		{174AB943-9CD0-4383-B576-AE3F6FFD84D9}.Debug|Any CPU.Build.0 = Debug|Any CPU
		{174AB943-9CD0-4383-B576-AE3F6FFD84D9}.Release|Any CPU.ActiveCfg = Release|Any CPU
		{174AB943-9CD0-4383-B576-AE3F6FFD84D9}.Release|Any CPU.Build.0 = Release|Any CPU
		{17C6237B-6066-4450-8BFD-79324544FD44}.Debug|Any CPU.ActiveCfg = Debug|Any CPU
		{17C6237B-6066-4450-8BFD-79324544FD44}.Debug|Any CPU.Build.0 = Debug|Any CPU
		{17C6237B-6066-4450-8BFD-79324544FD44}.Release|Any CPU.ActiveCfg = Release|Any CPU
		{17C6237B-6066-4450-8BFD-79324544FD44}.Release|Any CPU.Build.0 = Release|Any CPU
	EndGlobalSection
	GlobalSection(SolutionProperties) = preSolution
		HideSolutionNode = FALSE
	EndGlobalSection
EndGlobal
